
Microsoft Visual Studio Solution File, Format Version 12.00
# Visual Studio 15
VisualStudioVersion = 15.0.28010.2048
MinimumVisualStudioVersion = 10.0.40219.1
Project("{FAE04EC0-301F-11D3-BF4B-00C04F79EFBC}") = "Catoryu's Library", "Catoryu's Library\Catoryu's Library.csproj", "{096AC0E6-E72D-4CC1-94E1-CD10A6911E57}"
EndProject
Global
	GlobalSection(SolutionConfigurationPlatforms) = preSolution
		Debug|Any CPU = Debug|Any CPU
		Release|Any CPU = Release|Any CPU
	EndGlobalSection
	GlobalSection(ProjectConfigurationPlatforms) = postSolution
		{096AC0E6-E72D-4CC1-94E1-CD10A6911E57}.Debug|Any CPU.ActiveCfg = Debug|Any CPU
		{096AC0E6-E72D-4CC1-94E1-CD10A6911E57}.Debug|Any CPU.Build.0 = Debug|Any CPU
		{096AC0E6-E72D-4CC1-94E1-CD10A6911E57}.Release|Any CPU.ActiveCfg = Release|Any CPU
		{096AC0E6-E72D-4CC1-94E1-CD10A6911E57}.Release|Any CPU.Build.0 = Release|Any CPU
	EndGlobalSection
	GlobalSection(SolutionProperties) = preSolution
		HideSolutionNode = FALSE
	EndGlobalSection
	GlobalSection(ExtensibilityGlobals) = postSolution
		SolutionGuid = {52D82981-FEB4-43CC-BB11-A3BDEF556559}
	EndGlobalSection
EndGlobal
